// !$*UTF8*$!
{
	archiveVersion = 1;
	classes = {
	};
	objectVersion = 56;
	objects = {

/* Begin PBXBuildFile section */
		B117D0702BE3C06F0037A09C /* AppDelegate.swift in Sources */ = {isa = PBXBuildFile; fileRef = B117D06F2BE3C06F0037A09C /* AppDelegate.swift */; };
		B117D0722BE3C06F0037A09C /* SceneDelegate.swift in Sources */ = {isa = PBXBuildFile; fileRef = B117D0712BE3C06F0037A09C /* SceneDelegate.swift */; };
		B117D0742BE3C06F0037A09C /* ViewController.swift in Sources */ = {isa = PBXBuildFile; fileRef = B117D0732BE3C06F0037A09C /* ViewController.swift */; };
		B117D0792BE3C0710037A09C /* Assets.xcassets in Resources */ = {isa = PBXBuildFile; fileRef = B117D0782BE3C0710037A09C /* Assets.xcassets */; };
		B117D07C2BE3C0710037A09C /* Base in Resources */ = {isa = PBXBuildFile; fileRef = B117D07B2BE3C0710037A09C /* Base */; };
		B117D08A2BE3F2F60037A09C /* ViewCell.swift in Sources */ = {isa = PBXBuildFile; fileRef = B117D0892BE3F2F60037A09C /* ViewCell.swift */; };
		B12651332BED3CC400BB4AC0 /* DetailViewController.swift in Sources */ = {isa = PBXBuildFile; fileRef = B12651322BED3CC400BB4AC0 /* DetailViewController.swift */; };
		B12651352BEE704700BB4AC0 /* SegmentControl.swift in Sources */ = {isa = PBXBuildFile; fileRef = B12651342BEE704700BB4AC0 /* SegmentControl.swift */; };
		B1FD5F742BE671AE004A0FF4 /* Reminder.swift in Sources */ = {isa = PBXBuildFile; fileRef = B1FD5F732BE671AE004A0FF4 /* Reminder.swift */; };
		B1FD5F762BE67220004A0FF4 /* AddEventViewController.swift in Sources */ = {isa = PBXBuildFile; fileRef = B1FD5F752BE67220004A0FF4 /* AddEventViewController.swift */; };
/* End PBXBuildFile section */

/* Begin PBXFileReference section */
		B117D06C2BE3C06F0037A09C /* Countdown.app */ = {isa = PBXFileReference; explicitFileType = wrapper.application; includeInIndex = 0; path = Countdown.app; sourceTree = BUILT_PRODUCTS_DIR; };
		B117D06F2BE3C06F0037A09C /* AppDelegate.swift */ = {isa = PBXFileReference; lastKnownFileType = sourcecode.swift; path = AppDelegate.swift; sourceTree = "<group>"; };
		B117D0712BE3C06F0037A09C /* SceneDelegate.swift */ = {isa = PBXFileReference; lastKnownFileType = sourcecode.swift; path = SceneDelegate.swift; sourceTree = "<group>"; };
		B117D0732BE3C06F0037A09C /* ViewController.swift */ = {isa = PBXFileReference; lastKnownFileType = sourcecode.swift; path = ViewController.swift; sourceTree = "<group>"; };
		B117D0782BE3C0710037A09C /* Assets.xcassets */ = {isa = PBXFileReference; lastKnownFileType = folder.assetcatalog; path = Assets.xcassets; sourceTree = "<group>"; };
		B117D07B2BE3C0710037A09C /* Base */ = {isa = PBXFileReference; lastKnownFileType = file.storyboard; name = Base; path = Base.lproj/LaunchScreen.storyboard; sourceTree = "<group>"; };
		B117D07D2BE3C0710037A09C /* Info.plist */ = {isa = PBXFileReference; lastKnownFileType = text.plist.xml; path = Info.plist; sourceTree = "<group>"; };
		B117D0892BE3F2F60037A09C /* ViewCell.swift */ = {isa = PBXFileReference; lastKnownFileType = sourcecode.swift; path = ViewCell.swift; sourceTree = "<group>"; };
		B12651322BED3CC400BB4AC0 /* DetailViewController.swift */ = {isa = PBXFileReference; lastKnownFileType = sourcecode.swift; path = DetailViewController.swift; sourceTree = "<group>"; };
		B12651342BEE704700BB4AC0 /* SegmentControl.swift */ = {isa = PBXFileReference; lastKnownFileType = sourcecode.swift; path = SegmentControl.swift; sourceTree = "<group>"; };
		B1FD5F732BE671AE004A0FF4 /* Reminder.swift */ = {isa = PBXFileReference; lastKnownFileType = sourcecode.swift; path = Reminder.swift; sourceTree = "<group>"; };
		B1FD5F752BE67220004A0FF4 /* AddEventViewController.swift */ = {isa = PBXFileReference; lastKnownFileType = sourcecode.swift; path = AddEventViewController.swift; sourceTree = "<group>"; };
/* End PBXFileReference section */

/* Begin PBXFrameworksBuildPhase section */
		B117D0692BE3C06F0037A09C /* Frameworks */ = {
			isa = PBXFrameworksBuildPhase;
			buildActionMask = 2147483647;
			files = (
			);
			runOnlyForDeploymentPostprocessing = 0;
		};
/* End PBXFrameworksBuildPhase section */

/* Begin PBXGroup section */
		B117D0632BE3C06F0037A09C = {
			isa = PBXGroup;
			children = (
				B117D06E2BE3C06F0037A09C /* Countdown */,
				B117D06D2BE3C06F0037A09C /* Products */,
			);
			sourceTree = "<group>";
		};
		B117D06D2BE3C06F0037A09C /* Products */ = {
			isa = PBXGroup;
			children = (
				B117D06C2BE3C06F0037A09C /* Countdown.app */,
			);
			name = Products;
			sourceTree = "<group>";
		};
		B117D06E2BE3C06F0037A09C /* Countdown */ = {
			isa = PBXGroup;
			children = (
				B1FD5F722BE671A1004A0FF4 /* Model */,
				B117D06F2BE3C06F0037A09C /* AppDelegate.swift */,
				B117D0712BE3C06F0037A09C /* SceneDelegate.swift */,
				B117D0732BE3C06F0037A09C /* ViewController.swift */,
				B1FD5F752BE67220004A0FF4 /* AddEventViewController.swift */,
				B12651322BED3CC400BB4AC0 /* DetailViewController.swift */,
				B117D0782BE3C0710037A09C /* Assets.xcassets */,
				B117D07A2BE3C0710037A09C /* LaunchScreen.storyboard */,
				B117D07D2BE3C0710037A09C /* Info.plist */,
				B117D0892BE3F2F60037A09C /* ViewCell.swift */,
			);
			path = Countdown;
			sourceTree = "<group>";
		};
		B1FD5F722BE671A1004A0FF4 /* Model */ = {
			isa = PBXGroup;
			children = (
				B1FD5F732BE671AE004A0FF4 /* Reminder.swift */,
				B12651342BEE704700BB4AC0 /* SegmentControl.swift */,
			);
			path = Model;
			sourceTree = "<group>";
		};
/* End PBXGroup section */

/* Begin PBXNativeTarget section */
		B117D06B2BE3C06F0037A09C /* Countdown */ = {
			isa = PBXNativeTarget;
			buildConfigurationList = B117D0802BE3C0710037A09C /* Build configuration list for PBXNativeTarget "Countdown" */;
			buildPhases = (
				B117D0682BE3C06F0037A09C /* Sources */,
				B117D0692BE3C06F0037A09C /* Frameworks */,
				B117D06A2BE3C06F0037A09C /* Resources */,
			);
			buildRules = (
			);
			dependencies = (
			);
			name = Countdown;
			productName = Countdown;
			productReference = B117D06C2BE3C06F0037A09C /* Countdown.app */;
			productType = "com.apple.product-type.application";
		};
/* End PBXNativeTarget section */

/* Begin PBXProject section */
		B117D0642BE3C06F0037A09C /* Project object */ = {
			isa = PBXProject;
			attributes = {
				BuildIndependentTargetsInParallel = 1;
				LastSwiftUpdateCheck = 1530;
				LastUpgradeCheck = 1530;
				TargetAttributes = {
					B117D06B2BE3C06F0037A09C = {
						CreatedOnToolsVersion = 15.3;
					};
				};
			};
			buildConfigurationList = B117D0672BE3C06F0037A09C /* Build configuration list for PBXProject "Countdown" */;
			compatibilityVersion = "Xcode 14.0";
			developmentRegion = en;
			hasScannedForEncodings = 0;
			knownRegions = (
				en,
				Base,
			);
			mainGroup = B117D0632BE3C06F0037A09C;
			productRefGroup = B117D06D2BE3C06F0037A09C /* Products */;
			projectDirPath = "";
			projectRoot = "";
			targets = (
				B117D06B2BE3C06F0037A09C /* Countdown */,
			);
		};
/* End PBXProject section */

/* Begin PBXResourcesBuildPhase section */
		B117D06A2BE3C06F0037A09C /* Resources */ = {
			isa = PBXResourcesBuildPhase;
			buildActionMask = 2147483647;
			files = (
				B117D0792BE3C0710037A09C /* Assets.xcassets in Resources */,
				B117D07C2BE3C0710037A09C /* Base in Resources */,
			);
			runOnlyForDeploymentPostprocessing = 0;
		};
/* End PBXResourcesBuildPhase section */

/* Begin PBXSourcesBuildPhase section */
		B117D0682BE3C06F0037A09C /* Sources */ = {
			isa = PBXSourcesBuildPhase;
			buildActionMask = 2147483647;
			files = (
				B117D08A2BE3F2F60037A09C /* ViewCell.swift in Sources */,
				B1FD5F762BE67220004A0FF4 /* AddEventViewController.swift in Sources */,
				B117D0742BE3C06F0037A09C /* ViewController.swift in Sources */,
				B12651352BEE704700BB4AC0 /* SegmentControl.swift in Sources */,
				B117D0702BE3C06F0037A09C /* AppDelegate.swift in Sources */,
				B117D0722BE3C06F0037A09C /* SceneDelegate.swift in Sources */,
				B1FD5F742BE671AE004A0FF4 /* Reminder.swift in Sources */,
				B12651332BED3CC400BB4AC0 /* DetailViewController.swift in Sources */,
			);
			runOnlyForDeploymentPostprocessing = 0;
		};
/* End PBXSourcesBuildPhase section */

/* Begin PBXVariantGroup section */
		B117D07A2BE3C0710037A09C /* LaunchScreen.storyboard */ = {
			isa = PBXVariantGroup;
			children = (
				B117D07B2BE3C0710037A09C /* Base */,
			);
			name = LaunchScreen.storyboard;
			sourceTree = "<group>";
		};
/* End PBXVariantGroup section */

/* Begin XCBuildConfiguration section */
		B117D07E2BE3C0710037A09C /* Debug */ = {
			isa = XCBuildConfiguration;
			buildSettings = {
				ALWAYS_SEARCH_USER_PATHS = NO;
				ASSETCATALOG_COMPILER_GENERATE_SWIFT_ASSET_SYMBOL_EXTENSIONS = YES;
				CLANG_ANALYZER_NONNULL = YES;
				CLANG_ANALYZER_NUMBER_OBJECT_CONVERSION = YES_AGGRESSIVE;
				CLANG_CXX_LANGUAGE_STANDARD = "gnu++20";
				CLANG_ENABLE_MODULES = YES;
				CLANG_ENABLE_OBJC_ARC = YES;
				CLANG_ENABLE_OBJC_WEAK = YES;
				CLANG_WARN_BLOCK_CAPTURE_AUTORELEASING = YES;
				CLANG_WARN_BOOL_CONVERSION = YES;
				CLANG_WARN_COMMA = YES;
				CLANG_WARN_CONSTANT_CONVERSION = YES;
				CLANG_WARN_DEPRECATED_OBJC_IMPLEMENTATIONS = YES;
				CLANG_WARN_DIRECT_OBJC_ISA_USAGE = YES_ERROR;
				CLANG_WARN_DOCUMENTATION_COMMENTS = YES;
				CLANG_WARN_EMPTY_BODY = YES;
				CLANG_WARN_ENUM_CONVERSION = YES;
				CLANG_WARN_INFINITE_RECURSION = YES;
				CLANG_WARN_INT_CONVERSION = YES;
				CLANG_WARN_NON_LITERAL_NULL_CONVERSION = YES;
				CLANG_WARN_OBJC_IMPLICIT_RETAIN_SELF = YES;
				CLANG_WARN_OBJC_LITERAL_CONVERSION = YES;
				CLANG_WARN_OBJC_ROOT_CLASS = YES_ERROR;
				CLANG_WARN_QUOTED_INCLUDE_IN_FRAMEWORK_HEADER = YES;
				CLANG_WARN_RANGE_LOOP_ANALYSIS = YES;
				CLANG_WARN_STRICT_PROTOTYPES = YES;
				CLANG_WARN_SUSPICIOUS_MOVE = YES;
				CLANG_WARN_UNGUARDED_AVAILABILITY = YES_AGGRESSIVE;
				CLANG_WARN_UNREACHABLE_CODE = YES;
				CLANG_WARN__DUPLICATE_METHOD_MATCH = YES;
				COPY_PHASE_STRIP = NO;
				DEBUG_INFORMATION_FORMAT = dwarf;
				ENABLE_STRICT_OBJC_MSGSEND = YES;
				ENABLE_TESTABILITY = YES;
				ENABLE_USER_SCRIPT_SANDBOXING = YES;
				GCC_C_LANGUAGE_STANDARD = gnu17;
				GCC_DYNAMIC_NO_PIC = NO;
				GCC_NO_COMMON_BLOCKS = YES;
				GCC_OPTIMIZATION_LEVEL = 0;
				GCC_PREPROCESSOR_DEFINITIONS = (
					"DEBUG=1",
					"$(inherited)",
				);
				GCC_WARN_64_TO_32_BIT_CONVERSION = YES;
				GCC_WARN_ABOUT_RETURN_TYPE = YES_ERROR;
				GCC_WARN_UNDECLARED_SELECTOR = YES;
				GCC_WARN_UNINITIALIZED_AUTOS = YES_AGGRESSIVE;
				GCC_WARN_UNUSED_FUNCTION = YES;
				GCC_WARN_UNUSED_VARIABLE = YES;
				IPHONEOS_DEPLOYMENT_TARGET = 17.4;
				LOCALIZATION_PREFERS_STRING_CATALOGS = YES;
				MTL_ENABLE_DEBUG_INFO = INCLUDE_SOURCE;
				MTL_FAST_MATH = YES;
				ONLY_ACTIVE_ARCH = YES;
				SDKROOT = iphoneos;
				SWIFT_ACTIVE_COMPILATION_CONDITIONS = "DEBUG $(inherited)";
				SWIFT_OPTIMIZATION_LEVEL = "-Onone";
			};
			name = Debug;
		};
		B117D07F2BE3C0710037A09C /* Release */ = {
			isa = XCBuildConfiguration;
			buildSettings = {
				ALWAYS_SEARCH_USER_PATHS = NO;
				ASSETCATALOG_COMPILER_GENERATE_SWIFT_ASSET_SYMBOL_EXTENSIONS = YES;
				CLANG_ANALYZER_NONNULL = YES;
				CLANG_ANALYZER_NUMBER_OBJECT_CONVERSION = YES_AGGRESSIVE;
				CLANG_CXX_LANGUAGE_STANDARD = "gnu++20";
				CLANG_ENABLE_MODULES = YES;
				CLANG_ENABLE_OBJC_ARC = YES;
				CLANG_ENABLE_OBJC_WEAK = YES;
				CLANG_WARN_BLOCK_CAPTURE_AUTORELEASING = YES;
				CLANG_WARN_BOOL_CONVERSION = YES;
				CLANG_WARN_COMMA = YES;
				CLANG_WARN_CONSTANT_CONVERSION = YES;
				CLANG_WARN_DEPRECATED_OBJC_IMPLEMENTATIONS = YES;
				CLANG_WARN_DIRECT_OBJC_ISA_USAGE = YES_ERROR;
				CLANG_WARN_DOCUMENTATION_COMMENTS = YES;
				CLANG_WARN_EMPTY_BODY = YES;
				CLANG_WARN_ENUM_CONVERSION = YES;
				CLANG_WARN_INFINITE_RECURSION = YES;
				CLANG_WARN_INT_CONVERSION = YES;
				CLANG_WARN_NON_LITERAL_NULL_CONVERSION = YES;
				CLANG_WARN_OBJC_IMPLICIT_RETAIN_SELF = YES;
				CLANG_WARN_OBJC_LITERAL_CONVERSION = YES;
				CLANG_WARN_OBJC_ROOT_CLASS = YES_ERROR;
				CLANG_WARN_QUOTED_INCLUDE_IN_FRAMEWORK_HEADER = YES;
				CLANG_WARN_RANGE_LOOP_ANALYSIS = YES;
				CLANG_WARN_STRICT_PROTOTYPES = YES;
				CLANG_WARN_SUSPICIOUS_MOVE = YES;
				CLANG_WARN_UNGUARDED_AVAILABILITY = YES_AGGRESSIVE;
				CLANG_WARN_UNREACHABLE_CODE = YES;
				CLANG_WARN__DUPLICATE_METHOD_MATCH = YES;
				COPY_PHASE_STRIP = NO;
				DEBUG_INFORMATION_FORMAT = "dwarf-with-dsym";
				ENABLE_NS_ASSERTIONS = NO;
				ENABLE_STRICT_OBJC_MSGSEND = YES;
				ENABLE_USER_SCRIPT_SANDBOXING = YES;
				GCC_C_LANGUAGE_STANDARD = gnu17;
				GCC_NO_COMMON_BLOCKS = YES;
				GCC_WARN_64_TO_32_BIT_CONVERSION = YES;
				GCC_WARN_ABOUT_RETURN_TYPE = YES_ERROR;
				GCC_WARN_UNDECLARED_SELECTOR = YES;
				GCC_WARN_UNINITIALIZED_AUTOS = YES_AGGRESSIVE;
				GCC_WARN_UNUSED_FUNCTION = YES;
				GCC_WARN_UNUSED_VARIABLE = YES;
				IPHONEOS_DEPLOYMENT_TARGET = 17.4;
				LOCALIZATION_PREFERS_STRING_CATALOGS = YES;
				MTL_ENABLE_DEBUG_INFO = NO;
				MTL_FAST_MATH = YES;
				SDKROOT = iphoneos;
				SWIFT_COMPILATION_MODE = wholemodule;
				VALIDATE_PRODUCT = YES;
			};
			name = Release;
		};
		B117D0812BE3C0710037A09C /* Debug */ = {
			isa = XCBuildConfiguration;
			buildSettings = {
				ASSETCATALOG_COMPILER_APPICON_NAME = AppIcon;
				ASSETCATALOG_COMPILER_GLOBAL_ACCENT_COLOR_NAME = AccentColor;
				CODE_SIGN_STYLE = Automatic;
				CURRENT_PROJECT_VERSION = 1;
				DEVELOPMENT_TEAM = AQTR45PN28;
				GENERATE_INFOPLIST_FILE = YES;
				INFOPLIST_FILE = Countdown/Info.plist;
				INFOPLIST_KEY_UIApplicationSupportsIndirectInputEvents = YES;
				INFOPLIST_KEY_UILaunchStoryboardName = LaunchScreen;
				INFOPLIST_KEY_UISupportedInterfaceOrientations = UIInterfaceOrientationPortrait;
				INFOPLIST_KEY_UISupportedInterfaceOrientations_iPad = "UIInterfaceOrientationPortrait UIInterfaceOrientationPortraitUpsideDown";
				IPHONEOS_DEPLOYMENT_TARGET = 17.4;
				LD_RUNPATH_SEARCH_PATHS = (
					"$(inherited)",
					"@executable_path/Frameworks",
				);
				MARKETING_VERSION = 1.0;
				PRODUCT_BUNDLE_IDENTIFIER = com.oguzcanbeserikli.Countdown;
				PRODUCT_NAME = "$(TARGET_NAME)";
				SWIFT_EMIT_LOC_STRINGS = YES;
				SWIFT_VERSION = 5.0;
				TARGETED_DEVICE_FAMILY = "1,2";
			};
			name = Debug;
		};
		B117D0822BE3C0710037A09C /* Release */ = {
			isa = XCBuildConfiguration;
			buildSettings = {
				ASSETCATALOG_COMPILER_APPICON_NAME = AppIcon;
				ASSETCATALOG_COMPILER_GLOBAL_ACCENT_COLOR_NAME = AccentColor;
				CODE_SIGN_STYLE = Automatic;
				CURRENT_PROJECT_VERSION = 1;
				DEVELOPMENT_TEAM = AQTR45PN28;
				GENERATE_INFOPLIST_FILE = YES;
				INFOPLIST_FILE = Countdown/Info.plist;
				INFOPLIST_KEY_UIApplicationSupportsIndirectInputEvents = YES;
				INFOPLIST_KEY_UILaunchStoryboardName = LaunchScreen;
				INFOPLIST_KEY_UISupportedInterfaceOrientations = UIInterfaceOrientationPortrait;
				INFOPLIST_KEY_UISupportedInterfaceOrientations_iPad = "UIInterfaceOrientationPortrait UIInterfaceOrientationPortraitUpsideDown";
				IPHONEOS_DEPLOYMENT_TARGET = 17.4;
				LD_RUNPATH_SEARCH_PATHS = (
					"$(inherited)",
					"@executable_path/Frameworks",
				);
				MARKETING_VERSION = 1.0;
				PRODUCT_BUNDLE_IDENTIFIER = com.oguzcanbeserikli.Countdown;
				PRODUCT_NAME = "$(TARGET_NAME)";
				SWIFT_EMIT_LOC_STRINGS = YES;
				SWIFT_VERSION = 5.0;
				TARGETED_DEVICE_FAMILY = "1,2";
			};
			name = Release;
		};
/* End XCBuildConfiguration section */

/* Begin XCConfigurationList section */
		B117D0672BE3C06F0037A09C /* Build configuration list for PBXProject "Countdown" */ = {
			isa = XCConfigurationList;
			buildConfigurations = (
				B117D07E2BE3C0710037A09C /* Debug */,
				B117D07F2BE3C0710037A09C /* Release */,
			);
			defaultConfigurationIsVisible = 0;
			defaultConfigurationName = Release;
		};
		B117D0802BE3C0710037A09C /* Build configuration list for PBXNativeTarget "Countdown" */ = {
			isa = XCConfigurationList;
			buildConfigurations = (
				B117D0812BE3C0710037A09C /* Debug */,
				B117D0822BE3C0710037A09C /* Release */,
			);
			defaultConfigurationIsVisible = 0;
			defaultConfigurationName = Release;
		};
/* End XCConfigurationList section */
	};
	rootObject = B117D0642BE3C06F0037A09C /* Project object */;
}
